// !$*UTF8*$!
{
	archiveVersion = 1;
	classes = {
	};
	objectVersion = 46;
	objects = {

/* Begin PBXBuildFile section */
		B34EC3A11BE7ED5000525FC7 /* Foundation.framework in Frameworks */ = {isa = PBXBuildFile; fileRef = B34EC3A01BE7ED5000525FC7 /* Foundation.framework */; };
		B34EC3A31BE7ED5000525FC7 /* CoreGraphics.framework in Frameworks */ = {isa = PBXBuildFile; fileRef = B34EC3A21BE7ED5000525FC7 /* CoreGraphics.framework */; };
		B34EC3A51BE7ED5000525FC7 /* UIKit.framework in Frameworks */ = {isa = PBXBuildFile; fileRef = B34EC3A41BE7ED5000525FC7 /* UIKit.framework */; };
		B34EC3AB1BE7ED5000525FC7 /* InfoPlist.strings in Resources */ = {isa = PBXBuildFile; fileRef = B34EC3A91BE7ED5000525FC7 /* InfoPlist.strings */; };
		B34EC3AD1BE7ED5000525FC7 /* main.m in Sources */ = {isa = PBXBuildFile; fileRef = B34EC3AC1BE7ED5000525FC7 /* main.m */; };
		B34EC3B11BE7ED5000525FC7 /* RSAppDelegate.m in Sources */ = {isa = PBXBuildFile; fileRef = B34EC3B01BE7ED5000525FC7 /* RSAppDelegate.m */; };
		B34EC3B41BE7ED5000525FC7 /* Main.storyboard in Resources */ = {isa = PBXBuildFile; fileRef = B34EC3B21BE7ED5000525FC7 /* Main.storyboard */; };
		B34EC3B71BE7ED5000525FC7 /* RSViewController.m in Sources */ = {isa = PBXBuildFile; fileRef = B34EC3B61BE7ED5000525FC7 /* RSViewController.m */; };
		B34EC3B91BE7ED5000525FC7 /* Images.xcassets in Resources */ = {isa = PBXBuildFile; fileRef = B34EC3B81BE7ED5000525FC7 /* Images.xcassets */; };
		B34EC3C01BE7ED5000525FC7 /* XCTest.framework in Frameworks */ = {isa = PBXBuildFile; fileRef = B34EC3BF1BE7ED5000525FC7 /* XCTest.framework */; };
		B34EC3C11BE7ED5000525FC7 /* Foundation.framework in Frameworks */ = {isa = PBXBuildFile; fileRef = B34EC3A01BE7ED5000525FC7 /* Foundation.framework */; };
		B34EC3C21BE7ED5000525FC7 /* UIKit.framework in Frameworks */ = {isa = PBXBuildFile; fileRef = B34EC3A41BE7ED5000525FC7 /* UIKit.framework */; };
		B34EC3CA1BE7ED5000525FC7 /* InfoPlist.strings in Resources */ = {isa = PBXBuildFile; fileRef = B34EC3C81BE7ED5000525FC7 /* InfoPlist.strings */; };
		B34EC3CC1BE7ED5100525FC7 /* TwitterShareTests.m in Sources */ = {isa = PBXBuildFile; fileRef = B34EC3CB1BE7ED5000525FC7 /* TwitterShareTests.m */; };
		B3CE28F21BE8A0A3006296A8 /* Social.framework in Frameworks */ = {isa = PBXBuildFile; fileRef = B3CE28F11BE8A0A3006296A8 /* Social.framework */; };
/* End PBXBuildFile section */

/* Begin PBXContainerItemProxy section */
		B34EC3C31BE7ED5000525FC7 /* PBXContainerItemProxy */ = {
			isa = PBXContainerItemProxy;
			containerPortal = B34EC3951BE7ED5000525FC7 /* Project object */;
			proxyType = 1;
			remoteGlobalIDString = B34EC39C1BE7ED5000525FC7;
			remoteInfo = TwitterShare;
		};
/* End PBXContainerItemProxy section */

/* Begin PBXFileReference section */
		B34EC39D1BE7ED5000525FC7 /* TwitterShare.app */ = {isa = PBXFileReference; explicitFileType = wrapper.application; includeInIndex = 0; path = TwitterShare.app; sourceTree = BUILT_PRODUCTS_DIR; };
		B34EC3A01BE7ED5000525FC7 /* Foundation.framework */ = {isa = PBXFileReference; lastKnownFileType = wrapper.framework; name = Foundation.framework; path = System/Library/Frameworks/Foundation.framework; sourceTree = SDKROOT; };
		B34EC3A21BE7ED5000525FC7 /* CoreGraphics.framework */ = {isa = PBXFileReference; lastKnownFileType = wrapper.framework; name = CoreGraphics.framework; path = System/Library/Frameworks/CoreGraphics.framework; sourceTree = SDKROOT; };
		B34EC3A41BE7ED5000525FC7 /* UIKit.framework */ = {isa = PBXFileReference; lastKnownFileType = wrapper.framework; name = UIKit.framework; path = System/Library/Frameworks/UIKit.framework; sourceTree = SDKROOT; };
		B34EC3A81BE7ED5000525FC7 /* TwitterShare-Info.plist */ = {isa = PBXFileReference; lastKnownFileType = text.plist.xml; path = "TwitterShare-Info.plist"; sourceTree = "<group>"; };
		B34EC3AA1BE7ED5000525FC7 /* en */ = {isa = PBXFileReference; lastKnownFileType = text.plist.strings; name = en; path = en.lproj/InfoPlist.strings; sourceTree = "<group>"; };
		B34EC3AC1BE7ED5000525FC7 /* main.m */ = {isa = PBXFileReference; lastKnownFileType = sourcecode.c.objc; path = main.m; sourceTree = "<group>"; };
		B34EC3AE1BE7ED5000525FC7 /* TwitterShare-Prefix.pch */ = {isa = PBXFileReference; lastKnownFileType = sourcecode.c.h; path = "TwitterShare-Prefix.pch"; sourceTree = "<group>"; };
		B34EC3AF1BE7ED5000525FC7 /* RSAppDelegate.h */ = {isa = PBXFileReference; lastKnownFileType = sourcecode.c.h; path = RSAppDelegate.h; sourceTree = "<group>"; };
		B34EC3B01BE7ED5000525FC7 /* RSAppDelegate.m */ = {isa = PBXFileReference; lastKnownFileType = sourcecode.c.objc; path = RSAppDelegate.m; sourceTree = "<group>"; };
		B34EC3B31BE7ED5000525FC7 /* Base */ = {isa = PBXFileReference; lastKnownFileType = file.storyboard; name = Base; path = Base.lproj/Main.storyboard; sourceTree = "<group>"; };
		B34EC3B51BE7ED5000525FC7 /* RSViewController.h */ = {isa = PBXFileReference; lastKnownFileType = sourcecode.c.h; path = RSViewController.h; sourceTree = "<group>"; };
		B34EC3B61BE7ED5000525FC7 /* RSViewController.m */ = {isa = PBXFileReference; lastKnownFileType = sourcecode.c.objc; path = RSViewController.m; sourceTree = "<group>"; };
		B34EC3B81BE7ED5000525FC7 /* Images.xcassets */ = {isa = PBXFileReference; lastKnownFileType = folder.assetcatalog; path = Images.xcassets; sourceTree = "<group>"; };
		B34EC3BE1BE7ED5000525FC7 /* TwitterShareTests.xctest */ = {isa = PBXFileReference; explicitFileType = wrapper.cfbundle; includeInIndex = 0; path = TwitterShareTests.xctest; sourceTree = BUILT_PRODUCTS_DIR; };
		B34EC3BF1BE7ED5000525FC7 /* XCTest.framework */ = {isa = PBXFileReference; lastKnownFileType = wrapper.framework; name = XCTest.framework; path = Library/Frameworks/XCTest.framework; sourceTree = DEVELOPER_DIR; };
		B34EC3C71BE7ED5000525FC7 /* TwitterShareTests-Info.plist */ = {isa = PBXFileReference; lastKnownFileType = text.plist.xml; path = "TwitterShareTests-Info.plist"; sourceTree = "<group>"; };
		B34EC3C91BE7ED5000525FC7 /* en */ = {isa = PBXFileReference; lastKnownFileType = text.plist.strings; name = en; path = en.lproj/InfoPlist.strings; sourceTree = "<group>"; };
		B34EC3CB1BE7ED5000525FC7 /* TwitterShareTests.m */ = {isa = PBXFileReference; lastKnownFileType = sourcecode.c.objc; path = TwitterShareTests.m; sourceTree = "<group>"; };
		B3CE28F11BE8A0A3006296A8 /* Social.framework */ = {isa = PBXFileReference; lastKnownFileType = wrapper.framework; name = Social.framework; path = System/Library/Frameworks/Social.framework; sourceTree = SDKROOT; };
/* End PBXFileReference section */

/* Begin PBXFrameworksBuildPhase section */
		B34EC39A1BE7ED5000525FC7 /* Frameworks */ = {
			isa = PBXFrameworksBuildPhase;
			buildActionMask = 2147483647;
			files = (
				B3CE28F21BE8A0A3006296A8 /* Social.framework in Frameworks */,
				B34EC3A31BE7ED5000525FC7 /* CoreGraphics.framework in Frameworks */,
				B34EC3A51BE7ED5000525FC7 /* UIKit.framework in Frameworks */,
				B34EC3A11BE7ED5000525FC7 /* Foundation.framework in Frameworks */,
			);
			runOnlyForDeploymentPostprocessing = 0;
		};
		B34EC3BB1BE7ED5000525FC7 /* Frameworks */ = {
			isa = PBXFrameworksBuildPhase;
			buildActionMask = 2147483647;
			files = (
				B34EC3C01BE7ED5000525FC7 /* XCTest.framework in Frameworks */,
				B34EC3C21BE7ED5000525FC7 /* UIKit.framework in Frameworks */,
				B34EC3C11BE7ED5000525FC7 /* Foundation.framework in Frameworks */,
			);
			runOnlyForDeploymentPostprocessing = 0;
		};
/* End PBXFrameworksBuildPhase section */

/* Begin PBXGroup section */
		B34EC3941BE7ED5000525FC7 = {
			isa = PBXGroup;
			children = (
				B34EC3A61BE7ED5000525FC7 /* TwitterShare */,
				B34EC3C51BE7ED5000525FC7 /* TwitterShareTests */,
				B34EC39F1BE7ED5000525FC7 /* Frameworks */,
				B34EC39E1BE7ED5000525FC7 /* Products */,
			);
			sourceTree = "<group>";
		};
		B34EC39E1BE7ED5000525FC7 /* Products */ = {
			isa = PBXGroup;
			children = (
				B34EC39D1BE7ED5000525FC7 /* TwitterShare.app */,
				B34EC3BE1BE7ED5000525FC7 /* TwitterShareTests.xctest */,
			);
			name = Products;
			sourceTree = "<group>";
		};
		B34EC39F1BE7ED5000525FC7 /* Frameworks */ = {
			isa = PBXGroup;
			children = (
				B3CE28F11BE8A0A3006296A8 /* Social.framework */,
				B34EC3A01BE7ED5000525FC7 /* Foundation.framework */,
				B34EC3A21BE7ED5000525FC7 /* CoreGraphics.framework */,
				B34EC3A41BE7ED5000525FC7 /* UIKit.framework */,
				B34EC3BF1BE7ED5000525FC7 /* XCTest.framework */,
			);
			name = Frameworks;
			sourceTree = "<group>";
		};
		B34EC3A61BE7ED5000525FC7 /* TwitterShare */ = {
			isa = PBXGroup;
			children = (
				B34EC3AF1BE7ED5000525FC7 /* RSAppDelegate.h */,
				B34EC3B01BE7ED5000525FC7 /* RSAppDelegate.m */,
				B34EC3B21BE7ED5000525FC7 /* Main.storyboard */,
				B34EC3B51BE7ED5000525FC7 /* RSViewController.h */,
				B34EC3B61BE7ED5000525FC7 /* RSViewController.m */,
				B34EC3B81BE7ED5000525FC7 /* Images.xcassets */,
				B34EC3A71BE7ED5000525FC7 /* Supporting Files */,
			);
			path = TwitterShare;
			sourceTree = "<group>";
		};
		B34EC3A71BE7ED5000525FC7 /* Supporting Files */ = {
			isa = PBXGroup;
			children = (
				B34EC3A81BE7ED5000525FC7 /* TwitterShare-Info.plist */,
				B34EC3A91BE7ED5000525FC7 /* InfoPlist.strings */,
				B34EC3AC1BE7ED5000525FC7 /* main.m */,
				B34EC3AE1BE7ED5000525FC7 /* TwitterShare-Prefix.pch */,
			);
			name = "Supporting Files";
			sourceTree = "<group>";
		};
		B34EC3C51BE7ED5000525FC7 /* TwitterShareTests */ = {
			isa = PBXGroup;
			children = (
				B34EC3CB1BE7ED5000525FC7 /* TwitterShareTests.m */,
				B34EC3C61BE7ED5000525FC7 /* Supporting Files */,
			);
			path = TwitterShareTests;
			sourceTree = "<group>";
		};
		B34EC3C61BE7ED5000525FC7 /* Supporting Files */ = {
			isa = PBXGroup;
			children = (
				B34EC3C71BE7ED5000525FC7 /* TwitterShareTests-Info.plist */,
				B34EC3C81BE7ED5000525FC7 /* InfoPlist.strings */,
			);
			name = "Supporting Files";
			sourceTree = "<group>";
		};
/* End PBXGroup section */

/* Begin PBXNativeTarget section */
		B34EC39C1BE7ED5000525FC7 /* TwitterShare */ = {
			isa = PBXNativeTarget;
			buildConfigurationList = B34EC3CF1BE7ED5100525FC7 /* Build configuration list for PBXNativeTarget "TwitterShare" */;
			buildPhases = (
				B34EC3991BE7ED5000525FC7 /* Sources */,
				B34EC39A1BE7ED5000525FC7 /* Frameworks */,
				B34EC39B1BE7ED5000525FC7 /* Resources */,
			);
			buildRules = (
			);
			dependencies = (
			);
			name = TwitterShare;
			productName = TwitterShare;
			productReference = B34EC39D1BE7ED5000525FC7 /* TwitterShare.app */;
			productType = "com.apple.product-type.application";
		};
		B34EC3BD1BE7ED5000525FC7 /* TwitterShareTests */ = {
			isa = PBXNativeTarget;
			buildConfigurationList = B34EC3D21BE7ED5100525FC7 /* Build configuration list for PBXNativeTarget "TwitterShareTests" */;
			buildPhases = (
				B34EC3BA1BE7ED5000525FC7 /* Sources */,
				B34EC3BB1BE7ED5000525FC7 /* Frameworks */,
				B34EC3BC1BE7ED5000525FC7 /* Resources */,
			);
			buildRules = (
			);
			dependencies = (
				B34EC3C41BE7ED5000525FC7 /* PBXTargetDependency */,
			);
			name = TwitterShareTests;
			productName = TwitterShareTests;
			productReference = B34EC3BE1BE7ED5000525FC7 /* TwitterShareTests.xctest */;
			productType = "com.apple.product-type.bundle.unit-test";
		};
/* End PBXNativeTarget section */

/* Begin PBXProject section */
		B34EC3951BE7ED5000525FC7 /* Project object */ = {
			isa = PBXProject;
			attributes = {
				CLASSPREFIX = RS;
				LastUpgradeCheck = 0510;
				ORGANIZATIONNAME = RSChopovenko;
				TargetAttributes = {
					B34EC3BD1BE7ED5000525FC7 = {
						TestTargetID = B34EC39C1BE7ED5000525FC7;
					};
				};
			};
			buildConfigurationList = B34EC3981BE7ED5000525FC7 /* Build configuration list for PBXProject "TwitterShare" */;
			compatibilityVersion = "Xcode 3.2";
			developmentRegion = English;
			hasScannedForEncodings = 0;
			knownRegions = (
				en,
				Base,
			);
			mainGroup = B34EC3941BE7ED5000525FC7;
			productRefGroup = B34EC39E1BE7ED5000525FC7 /* Products */;
			projectDirPath = "";
			projectRoot = "";
			targets = (
				B34EC39C1BE7ED5000525FC7 /* TwitterShare */,
				B34EC3BD1BE7ED5000525FC7 /* TwitterShareTests */,
			);
		};
/* End PBXProject section */

/* Begin PBXResourcesBuildPhase section */
		B34EC39B1BE7ED5000525FC7 /* Resources */ = {
			isa = PBXResourcesBuildPhase;
			buildActionMask = 2147483647;
			files = (
				B34EC3B91BE7ED5000525FC7 /* Images.xcassets in Resources */,
				B34EC3AB1BE7ED5000525FC7 /* InfoPlist.strings in Resources */,
				B34EC3B41BE7ED5000525FC7 /* Main.storyboard in Resources */,
			);
			runOnlyForDeploymentPostprocessing = 0;
		};
		B34EC3BC1BE7ED5000525FC7 /* Resources */ = {
			isa = PBXResourcesBuildPhase;
			buildActionMask = 2147483647;
			files = (
				B34EC3CA1BE7ED5000525FC7 /* InfoPlist.strings in Resources */,
			);
			runOnlyForDeploymentPostprocessing = 0;
		};
/* End PBXResourcesBuildPhase section */

/* Begin PBXSourcesBuildPhase section */
		B34EC3991BE7ED5000525FC7 /* Sources */ = {
			isa = PBXSourcesBuildPhase;
			buildActionMask = 2147483647;
			files = (
				B34EC3AD1BE7ED5000525FC7 /* main.m in Sources */,
				B34EC3B11BE7ED5000525FC7 /* RSAppDelegate.m in Sources */,
				B34EC3B71BE7ED5000525FC7 /* RSViewController.m in Sources */,
			);
			runOnlyForDeploymentPostprocessing = 0;
		};
		B34EC3BA1BE7ED5000525FC7 /* Sources */ = {
			isa = PBXSourcesBuildPhase;
			buildActionMask = 2147483647;
			files = (
				B34EC3CC1BE7ED5100525FC7 /* TwitterShareTests.m in Sources */,
			);
			runOnlyForDeploymentPostprocessing = 0;
		};
/* End PBXSourcesBuildPhase section */

/* Begin PBXTargetDependency section */
		B34EC3C41BE7ED5000525FC7 /* PBXTargetDependency */ = {
			isa = PBXTargetDependency;
			target = B34EC39C1BE7ED5000525FC7 /* TwitterShare */;
			targetProxy = B34EC3C31BE7ED5000525FC7 /* PBXContainerItemProxy */;
		};
/* End PBXTargetDependency section */

/* Begin PBXVariantGroup section */
		B34EC3A91BE7ED5000525FC7 /* InfoPlist.strings */ = {
			isa = PBXVariantGroup;
			children = (
				B34EC3AA1BE7ED5000525FC7 /* en */,
			);
			name = InfoPlist.strings;
			sourceTree = "<group>";
		};
		B34EC3B21BE7ED5000525FC7 /* Main.storyboard */ = {
			isa = PBXVariantGroup;
			children = (
				B34EC3B31BE7ED5000525FC7 /* Base */,
			);
			name = Main.storyboard;
			sourceTree = "<group>";
		};
		B34EC3C81BE7ED5000525FC7 /* InfoPlist.strings */ = {
			isa = PBXVariantGroup;
			children = (
				B34EC3C91BE7ED5000525FC7 /* en */,
			);
			name = InfoPlist.strings;
			sourceTree = "<group>";
		};
/* End PBXVariantGroup section */

/* Begin XCBuildConfiguration section */
		B34EC3CD1BE7ED5100525FC7 /* Debug */ = {
			isa = XCBuildConfiguration;
			buildSettings = {
				ALWAYS_SEARCH_USER_PATHS = NO;
				CLANG_CXX_LANGUAGE_STANDARD = "gnu++0x";
				CLANG_CXX_LIBRARY = "libc++";
				CLANG_ENABLE_MODULES = YES;
				CLANG_ENABLE_OBJC_ARC = YES;
				CLANG_WARN_BOOL_CONVERSION = YES;
				CLANG_WARN_CONSTANT_CONVERSION = YES;
				CLANG_WARN_DIRECT_OBJC_ISA_USAGE = YES_ERROR;
				CLANG_WARN_EMPTY_BODY = YES;
				CLANG_WARN_ENUM_CONVERSION = YES;
				CLANG_WARN_INT_CONVERSION = YES;
				CLANG_WARN_OBJC_ROOT_CLASS = YES_ERROR;
				CLANG_WARN__DUPLICATE_METHOD_MATCH = YES;
				"CODE_SIGN_IDENTITY[sdk=iphoneos*]" = "iPhone Developer";
				COPY_PHASE_STRIP = NO;
				GCC_C_LANGUAGE_STANDARD = gnu99;
				GCC_DYNAMIC_NO_PIC = NO;
				GCC_OPTIMIZATION_LEVEL = 0;
				GCC_PREPROCESSOR_DEFINITIONS = (
					"DEBUG=1",
					"$(inherited)",
				);
				GCC_SYMBOLS_PRIVATE_EXTERN = NO;
				GCC_WARN_64_TO_32_BIT_CONVERSION = YES;
				GCC_WARN_ABOUT_RETURN_TYPE = YES_ERROR;
				GCC_WARN_UNDECLARED_SELECTOR = YES;
				GCC_WARN_UNINITIALIZED_AUTOS = YES_AGGRESSIVE;
				GCC_WARN_UNUSED_FUNCTION = YES;
				GCC_WARN_UNUSED_VARIABLE = YES;
				IPHONEOS_DEPLOYMENT_TARGET = 7.1;
				ONLY_ACTIVE_ARCH = YES;
				SDKROOT = iphoneos;
			};
			name = Debug;
		};
		B34EC3CE1BE7ED5100525FC7 /* Release */ = {
			isa = XCBuildConfiguration;
			buildSettings = {
				ALWAYS_SEARCH_USER_PATHS = NO;
				CLANG_CXX_LANGUAGE_STANDARD = "gnu++0x";
				CLANG_CXX_LIBRARY = "libc++";
				CLANG_ENABLE_MODULES = YES;
				CLANG_ENABLE_OBJC_ARC = YES;
				CLANG_WARN_BOOL_CONVERSION = YES;
				CLANG_WARN_CONSTANT_CONVERSION = YES;
				CLANG_WARN_DIRECT_OBJC_ISA_USAGE = YES_ERROR;
				CLANG_WARN_EMPTY_BODY = YES;
				CLANG_WARN_ENUM_CONVERSION = YES;
				CLANG_WARN_INT_CONVERSION = YES;
				CLANG_WARN_OBJC_ROOT_CLASS = YES_ERROR;
				CLANG_WARN__DUPLICATE_METHOD_MATCH = YES;
				"CODE_SIGN_IDENTITY[sdk=iphoneos*]" = "iPhone Developer";
				COPY_PHASE_STRIP = YES;
				ENABLE_NS_ASSERTIONS = NO;
				GCC_C_LANGUAGE_STANDARD = gnu99;
				GCC_WARN_64_TO_32_BIT_CONVERSION = YES;
				GCC_WARN_ABOUT_RETURN_TYPE = YES_ERROR;
				GCC_WARN_UNDECLARED_SELECTOR = YES;
				GCC_WARN_UNINITIALIZED_AUTOS = YES_AGGRESSIVE;
				GCC_WARN_UNUSED_FUNCTION = YES;
				GCC_WARN_UNUSED_VARIABLE = YES;
				IPHONEOS_DEPLOYMENT_TARGET = 7.1;
				SDKROOT = iphoneos;
				VALIDATE_PRODUCT = YES;
			};
			name = Release;
		};
		B34EC3D01BE7ED5100525FC7 /* Debug */ = {
			isa = XCBuildConfiguration;
			buildSettings = {
				ASSETCATALOG_COMPILER_APPICON_NAME = AppIcon;
				ASSETCATALOG_COMPILER_LAUNCHIMAGE_NAME = LaunchImage;
				GCC_PRECOMPILE_PREFIX_HEADER = YES;
				GCC_PREFIX_HEADER = "TwitterShare/TwitterShare-Prefix.pch";
				INFOPLIST_FILE = "TwitterShare/TwitterShare-Info.plist";
				PRODUCT_NAME = "$(TARGET_NAME)";
				WRAPPER_EXTENSION = app;
			};
			name = Debug;
		};
		B34EC3D11BE7ED5100525FC7 /* Release */ = {
			isa = XCBuildConfiguration;
			buildSettings = {
				ASSETCATALOG_COMPILER_APPICON_NAME = AppIcon;
				ASSETCATALOG_COMPILER_LAUNCHIMAGE_NAME = LaunchImage;
				GCC_PRECOMPILE_PREFIX_HEADER = YES;
				GCC_PREFIX_HEADER = "TwitterShare/TwitterShare-Prefix.pch";
				INFOPLIST_FILE = "TwitterShare/TwitterShare-Info.plist";
				PRODUCT_NAME = "$(TARGET_NAME)";
				WRAPPER_EXTENSION = app;
			};
			name = Release;
		};
		B34EC3D31BE7ED5100525FC7 /* Debug */ = {
			isa = XCBuildConfiguration;
			buildSettings = {
				BUNDLE_LOADER = "$(BUILT_PRODUCTS_DIR)/TwitterShare.app/TwitterShare";
				FRAMEWORK_SEARCH_PATHS = (
					"$(SDKROOT)/Developer/Library/Frameworks",
					"$(inherited)",
					"$(DEVELOPER_FRAMEWORKS_DIR)",
				);
				GCC_PRECOMPILE_PREFIX_HEADER = YES;
				GCC_PREFIX_HEADER = "TwitterShare/TwitterShare-Prefix.pch";
				GCC_PREPROCESSOR_DEFINITIONS = (
					"DEBUG=1",
					"$(inherited)",
				);
				INFOPLIST_FILE = "TwitterShareTests/TwitterShareTests-Info.plist";
				PRODUCT_NAME = "$(TARGET_NAME)";
				TEST_HOST = "$(BUNDLE_LOADER)";
				WRAPPER_EXTENSION = xctest;
			};
			name = Debug;
		};
		B34EC3D41BE7ED5100525FC7 /* Release */ = {
			isa = XCBuildConfiguration;
			buildSettings = {
				BUNDLE_LOADER = "$(BUILT_PRODUCTS_DIR)/TwitterShare.app/TwitterShare";
				FRAMEWORK_SEARCH_PATHS = (
					"$(SDKROOT)/Developer/Library/Frameworks",
					"$(inherited)",
					"$(DEVELOPER_FRAMEWORKS_DIR)",
				);
				GCC_PRECOMPILE_PREFIX_HEADER = YES;
				GCC_PREFIX_HEADER = "TwitterShare/TwitterShare-Prefix.pch";
				INFOPLIST_FILE = "TwitterShareTests/TwitterShareTests-Info.plist";
				PRODUCT_NAME = "$(TARGET_NAME)";
				TEST_HOST = "$(BUNDLE_LOADER)";
				WRAPPER_EXTENSION = xctest;
			};
			name = Release;
		};
/* End XCBuildConfiguration section */

/* Begin XCConfigurationList section */
		B34EC3981BE7ED5000525FC7 /* Build configuration list for PBXProject "TwitterShare" */ = {
			isa = XCConfigurationList;
			buildConfigurations = (
				B34EC3CD1BE7ED5100525FC7 /* Debug */,
				B34EC3CE1BE7ED5100525FC7 /* Release */,
			);
			defaultConfigurationIsVisible = 0;
			defaultConfigurationName = Release;
		};
		B34EC3CF1BE7ED5100525FC7 /* Build configuration list for PBXNativeTarget "TwitterShare" */ = {
			isa = XCConfigurationList;
			buildConfigurations = (
				B34EC3D01BE7ED5100525FC7 /* Debug */,
				B34EC3D11BE7ED5100525FC7 /* Release */,
			);
			defaultConfigurationIsVisible = 0;
			defaultConfigurationName = Release;
		};
		B34EC3D21BE7ED5100525FC7 /* Build configuration list for PBXNativeTarget "TwitterShareTests" */ = {
			isa = XCConfigurationList;
			buildConfigurations = (
				B34EC3D31BE7ED5100525FC7 /* Debug */,
				B34EC3D41BE7ED5100525FC7 /* Release */,
			);
			defaultConfigurationIsVisible = 0;
			defaultConfigurationName = Release;
		};
/* End XCConfigurationList section */
	};
	rootObject = B34EC3951BE7ED5000525FC7 /* Project object */;
}
